
Microsoft Visual Studio Solution File, Format Version 12.00
# Visual Studio Version 16
VisualStudioVersion = 16.0.28917.182
MinimumVisualStudioVersion = 10.0.40219.1
Project("{FAE04EC0-301F-11D3-BF4B-00C04F79EFBC}") = "FakeMaker", "FakeMaker\FakeMaker.csproj", "{59D000E1-35FD-4C0C-B53E-459E7CFE4910}"
EndProject
Project("{2150E333-8FDC-42A3-9474-1A3956D46DE8}") = ".nuget", ".nuget", "{8FFF5F42-7EBF-439E-A161-272329A18842}"
	ProjectSection(SolutionItems) = preProject
		.nuget\NuGet.Config = .nuget\NuGet.Config
		.nuget\NuGet.exe = .nuget\NuGet.exe
		.nuget\NuGet.targets = .nuget\NuGet.targets
	EndProjectSection
EndProject
Project("{FAE04EC0-301F-11D3-BF4B-00C04F79EFBC}") = "FakeMaker.Examples", "FakeMaker.Examples\FakeMaker.Examples.csproj", "{FAE5449E-AA8F-453A-A11B-9C5DC0F4AED0}"
EndProject
Project("{FAE04EC0-301F-11D3-BF4B-00C04F79EFBC}") = "FakeMaker.Tests", "FakeMaker.Tests\FakeMaker.Tests.csproj", "{AD1EA42B-D000-400F-9C33-9A5708AC9419}"
EndProject
Global
	GlobalSection(SolutionConfigurationPlatforms) = preSolution
		Debug|Any CPU = Debug|Any CPU
		Release|Any CPU = Release|Any CPU
	EndGlobalSection
	GlobalSection(ProjectConfigurationPlatforms) = postSolution
		{59D000E1-35FD-4C0C-B53E-459E7CFE4910}.Debug|Any CPU.ActiveCfg = Debug|Any CPU
		{59D000E1-35FD-4C0C-B53E-459E7CFE4910}.Debug|Any CPU.Build.0 = Debug|Any CPU
		{59D000E1-35FD-4C0C-B53E-459E7CFE4910}.Release|Any CPU.ActiveCfg = Release|Any CPU
		{59D000E1-35FD-4C0C-B53E-459E7CFE4910}.Release|Any CPU.Build.0 = Release|Any CPU
		{FAE5449E-AA8F-453A-A11B-9C5DC0F4AED0}.Debug|Any CPU.ActiveCfg = Debug|Any CPU
		{FAE5449E-AA8F-453A-A11B-9C5DC0F4AED0}.Debug|Any CPU.Build.0 = Debug|Any CPU
		{FAE5449E-AA8F-453A-A11B-9C5DC0F4AED0}.Release|Any CPU.ActiveCfg = Release|Any CPU
		{FAE5449E-AA8F-453A-A11B-9C5DC0F4AED0}.Release|Any CPU.Build.0 = Release|Any CPU
		{AD1EA42B-D000-400F-9C33-9A5708AC9419}.Debug|Any CPU.ActiveCfg = Debug|Any CPU
		{AD1EA42B-D000-400F-9C33-9A5708AC9419}.Debug|Any CPU.Build.0 = Debug|Any CPU
		{AD1EA42B-D000-400F-9C33-9A5708AC9419}.Release|Any CPU.ActiveCfg = Release|Any CPU
		{AD1EA42B-D000-400F-9C33-9A5708AC9419}.Release|Any CPU.Build.0 = Release|Any CPU
	EndGlobalSection
	GlobalSection(SolutionProperties) = preSolution
		HideSolutionNode = FALSE
	EndGlobalSection
	GlobalSection(ExtensibilityGlobals) = postSolution
		SolutionGuid = {C314190A-DD74-4A64-A2AE-4559C3A0B1E2}
	EndGlobalSection
EndGlobal
